
Microsoft Visual Studio Solution File, Format Version 12.00
# Visual Studio Version 17
VisualStudioVersion = 17.0.31903.59
MinimumVisualStudioVersion = 10.0.40219.1
Project("{FAE04EC0-301F-11D3-BF4B-00C04F79EFBC}") = "ChangeString", "ChangeString\ChangeString.csproj", "{8F9EA60B-AD78-46BB-B901-3C4B76D7C250}"
EndProject
Project("{FAE04EC0-301F-11D3-BF4B-00C04F79EFBC}") = "RightSize", "RightSize\RightSize.csproj", "{6D17F814-9055-4608-BD35-DF5AAC6A8B02}"
EndProject
Global
	GlobalSection(SolutionConfigurationPlatforms) = preSolution
		Debug|Any CPU = Debug|Any CPU
		Release|Any CPU = Release|Any CPU
	EndGlobalSection
	GlobalSection(SolutionProperties) = preSolution
		HideSolutionNode = FALSE
	EndGlobalSection
	GlobalSection(ProjectConfigurationPlatforms) = postSolution
		{8F9EA60B-AD78-46BB-B901-3C4B76D7C250}.Debug|Any CPU.ActiveCfg = Debug|Any CPU
		{8F9EA60B-AD78-46BB-B901-3C4B76D7C250}.Debug|Any CPU.Build.0 = Debug|Any CPU
		{8F9EA60B-AD78-46BB-B901-3C4B76D7C250}.Release|Any CPU.ActiveCfg = Release|Any CPU
		{8F9EA60B-AD78-46BB-B901-3C4B76D7C250}.Release|Any CPU.Build.0 = Release|Any CPU
		{6D17F814-9055-4608-BD35-DF5AAC6A8B02}.Debug|Any CPU.ActiveCfg = Debug|Any CPU
		{6D17F814-9055-4608-BD35-DF5AAC6A8B02}.Debug|Any CPU.Build.0 = Debug|Any CPU
		{6D17F814-9055-4608-BD35-DF5AAC6A8B02}.Release|Any CPU.ActiveCfg = Release|Any CPU
		{6D17F814-9055-4608-BD35-DF5AAC6A8B02}.Release|Any CPU.Build.0 = Release|Any CPU
	EndGlobalSection
EndGlobal
